
Microsoft Visual Studio Solution File, Format Version 12.00
# Visual Studio Version 17
VisualStudioVersion = 17.0.32014.148
MinimumVisualStudioVersion = 10.0.40219.1
Project("{FAE04EC0-301F-11D3-BF4B-00C04F79EFBC}") = "TestAppWSS.MVC", "TestAppWSS\TestAppWSS.MVC.csproj", "{36FF4857-62BF-41E1-9CD0-C77B3CA57816}"
EndProject
Project("{2150E333-8FDC-42A3-9474-1A3956D46DE8}") = "UI", "UI", "{6096D857-8AC2-40C8-A038-451D65BEECC5}"
EndProject
Project("{2150E333-8FDC-42A3-9474-1A3956D46DE8}") = "Domain", "Domain", "{20F03CDA-B000-4F73-B6FC-397B9D6214CB}"
EndProject
Project("{2150E333-8FDC-42A3-9474-1A3956D46DE8}") = "Data", "Data", "{EA5E0BE0-FC97-4C3D-9CE1-9D91FA4EBCA6}"
EndProject
Project("{2150E333-8FDC-42A3-9474-1A3956D46DE8}") = "Services", "Services", "{149D823F-98D6-4828-8F6B-18F43A85649A}"
EndProject
Project("{FAE04EC0-301F-11D3-BF4B-00C04F79EFBC}") = "TestAppWSS.Domain", "TestAppWSS.Domain\TestAppWSS.Domain.csproj", "{559A49C5-20B8-4E7E-BD21-CB72387ED864}"
EndProject
Project("{FAE04EC0-301F-11D3-BF4B-00C04F79EFBC}") = "TestAppWSS.DAL", "TestAppWSS.DAL\TestAppWSS.DAL.csproj", "{A5290514-1089-4894-B2E9-2D636872FBB9}"
EndProject
Project("{2150E333-8FDC-42A3-9474-1A3956D46DE8}") = "API", "API", "{0B5530D0-925E-4F42-B057-DC822FCBBA9D}"
EndProject
Project("{FAE04EC0-301F-11D3-BF4B-00C04F79EFBC}") = "TestAppWSS.Services", "TestAppWSS.Services\TestAppWSS.Services.csproj", "{7D5B6A20-D3EB-420A-8CA8-A02E9687D715}"
EndProject
Project("{FAE04EC0-301F-11D3-BF4B-00C04F79EFBC}") = "TestAppWSS.WebApi", "TestAppWSS.WebApi\TestAppWSS.WebApi.csproj", "{6E2E4470-1758-4D25-95F9-DDB42B0B1269}"
EndProject
Project("{FAE04EC0-301F-11D3-BF4B-00C04F79EFBC}") = "TestAppWSS.WebApi.Clients", "TestAppWSS.WebApi.Clients\TestAppWSS.WebApi.Clients.csproj", "{A228E26E-C57C-4658-9EAC-7FE4D5B467EE}"
EndProject
Global
	GlobalSection(SolutionConfigurationPlatforms) = preSolution
		Debug|Any CPU = Debug|Any CPU
		Release|Any CPU = Release|Any CPU
	EndGlobalSection
	GlobalSection(ProjectConfigurationPlatforms) = postSolution
		{36FF4857-62BF-41E1-9CD0-C77B3CA57816}.Debug|Any CPU.ActiveCfg = Debug|Any CPU
		{36FF4857-62BF-41E1-9CD0-C77B3CA57816}.Debug|Any CPU.Build.0 = Debug|Any CPU
		{36FF4857-62BF-41E1-9CD0-C77B3CA57816}.Release|Any CPU.ActiveCfg = Release|Any CPU
		{36FF4857-62BF-41E1-9CD0-C77B3CA57816}.Release|Any CPU.Build.0 = Release|Any CPU
		{559A49C5-20B8-4E7E-BD21-CB72387ED864}.Debug|Any CPU.ActiveCfg = Debug|Any CPU
		{559A49C5-20B8-4E7E-BD21-CB72387ED864}.Debug|Any CPU.Build.0 = Debug|Any CPU
		{559A49C5-20B8-4E7E-BD21-CB72387ED864}.Release|Any CPU.ActiveCfg = Release|Any CPU
		{559A49C5-20B8-4E7E-BD21-CB72387ED864}.Release|Any CPU.Build.0 = Release|Any CPU
		{A5290514-1089-4894-B2E9-2D636872FBB9}.Debug|Any CPU.ActiveCfg = Debug|Any CPU
		{A5290514-1089-4894-B2E9-2D636872FBB9}.Debug|Any CPU.Build.0 = Debug|Any CPU
		{A5290514-1089-4894-B2E9-2D636872FBB9}.Release|Any CPU.ActiveCfg = Release|Any CPU
		{A5290514-1089-4894-B2E9-2D636872FBB9}.Release|Any CPU.Build.0 = Release|Any CPU
		{7D5B6A20-D3EB-420A-8CA8-A02E9687D715}.Debug|Any CPU.ActiveCfg = Debug|Any CPU
		{7D5B6A20-D3EB-420A-8CA8-A02E9687D715}.Debug|Any CPU.Build.0 = Debug|Any CPU
		{7D5B6A20-D3EB-420A-8CA8-A02E9687D715}.Release|Any CPU.ActiveCfg = Release|Any CPU
		{7D5B6A20-D3EB-420A-8CA8-A02E9687D715}.Release|Any CPU.Build.0 = Release|Any CPU
		{6E2E4470-1758-4D25-95F9-DDB42B0B1269}.Debug|Any CPU.ActiveCfg = Debug|Any CPU
		{6E2E4470-1758-4D25-95F9-DDB42B0B1269}.Debug|Any CPU.Build.0 = Debug|Any CPU
		{6E2E4470-1758-4D25-95F9-DDB42B0B1269}.Release|Any CPU.ActiveCfg = Release|Any CPU
		{6E2E4470-1758-4D25-95F9-DDB42B0B1269}.Release|Any CPU.Build.0 = Release|Any CPU
		{A228E26E-C57C-4658-9EAC-7FE4D5B467EE}.Debug|Any CPU.ActiveCfg = Debug|Any CPU
		{A228E26E-C57C-4658-9EAC-7FE4D5B467EE}.Debug|Any CPU.Build.0 = Debug|Any CPU
		{A228E26E-C57C-4658-9EAC-7FE4D5B467EE}.Release|Any CPU.ActiveCfg = Release|Any CPU
		{A228E26E-C57C-4658-9EAC-7FE4D5B467EE}.Release|Any CPU.Build.0 = Release|Any CPU
	EndGlobalSection
	GlobalSection(SolutionProperties) = preSolution
		HideSolutionNode = FALSE
	EndGlobalSection
	GlobalSection(NestedProjects) = preSolution
		{36FF4857-62BF-41E1-9CD0-C77B3CA57816} = {6096D857-8AC2-40C8-A038-451D65BEECC5}
		{559A49C5-20B8-4E7E-BD21-CB72387ED864} = {20F03CDA-B000-4F73-B6FC-397B9D6214CB}
		{A5290514-1089-4894-B2E9-2D636872FBB9} = {EA5E0BE0-FC97-4C3D-9CE1-9D91FA4EBCA6}
		{7D5B6A20-D3EB-420A-8CA8-A02E9687D715} = {149D823F-98D6-4828-8F6B-18F43A85649A}
		{6E2E4470-1758-4D25-95F9-DDB42B0B1269} = {0B5530D0-925E-4F42-B057-DC822FCBBA9D}
		{A228E26E-C57C-4658-9EAC-7FE4D5B467EE} = {0B5530D0-925E-4F42-B057-DC822FCBBA9D}
	EndGlobalSection
	GlobalSection(ExtensibilityGlobals) = postSolution
		SolutionGuid = {DCE3DCC7-03C5-4404-9DE4-AD4ABE11318A}
	EndGlobalSection
EndGlobal
